Microsoft Visual Studio Solution File, Format Version 12.00
# Visual Studio 2012
Project("{FAE04EC0-301F-11D3-BF4B-00C04F79EFBC}") = "Tanks", "Client\Tanks.csproj", "{1ECF2E85-1575-4964-8913-35753F41D2DB}"
EndProject
Project("{FAE04EC0-301F-11D3-BF4B-00C04F79EFBC}") = "Server", "Server\Server.csproj", "{0A4BDB77-E389-44A0-A055-16AE201D8FEE}"
EndProject
Project("{FAE04EC0-301F-11D3-BF4B-00C04F79EFBC}") = "Shared", "Shared\Shared.csproj", "{7F7388E6-F798-4956-A19F-220EBE82BEDC}"
EndProject
Global
	GlobalSection(SolutionConfigurationPlatforms) = preSolution
	Debug|Any CPU = Debug|Any CPU
	ExportDebug|Any CPU = ExportDebug|Any CPU
	ExportRelease|Any CPU = ExportRelease|Any CPU
	EndGlobalSection
	GlobalSection(ProjectConfigurationPlatforms) = postSolution
		{1ECF2E85-1575-4964-8913-35753F41D2DB}.Debug|Any CPU.ActiveCfg = Debug|Any CPU
		{1ECF2E85-1575-4964-8913-35753F41D2DB}.Debug|Any CPU.Build.0 = Debug|Any CPU
		{1ECF2E85-1575-4964-8913-35753F41D2DB}.ExportDebug|Any CPU.ActiveCfg = ExportDebug|Any CPU
		{1ECF2E85-1575-4964-8913-35753F41D2DB}.ExportDebug|Any CPU.Build.0 = ExportDebug|Any CPU
		{1ECF2E85-1575-4964-8913-35753F41D2DB}.ExportRelease|Any CPU.ActiveCfg = ExportRelease|Any CPU
		{1ECF2E85-1575-4964-8913-35753F41D2DB}.ExportRelease|Any CPU.Build.0 = ExportRelease|Any CPU
		{0A4BDB77-E389-44A0-A055-16AE201D8FEE}.Debug|Any CPU.ActiveCfg = Debug|Any CPU
		{0A4BDB77-E389-44A0-A055-16AE201D8FEE}.Debug|Any CPU.Build.0 = Debug|Any CPU
		{0A4BDB77-E389-44A0-A055-16AE201D8FEE}.ExportDebug|Any CPU.ActiveCfg = Debug|Any CPU
		{0A4BDB77-E389-44A0-A055-16AE201D8FEE}.ExportDebug|Any CPU.Build.0 = Debug|Any CPU
		{0A4BDB77-E389-44A0-A055-16AE201D8FEE}.ExportRelease|Any CPU.ActiveCfg = Debug|Any CPU
		{0A4BDB77-E389-44A0-A055-16AE201D8FEE}.ExportRelease|Any CPU.Build.0 = Debug|Any CPU
		{7F7388E6-F798-4956-A19F-220EBE82BEDC}.Debug|Any CPU.ActiveCfg = Debug|Any CPU
		{7F7388E6-F798-4956-A19F-220EBE82BEDC}.Debug|Any CPU.Build.0 = Debug|Any CPU
		{7F7388E6-F798-4956-A19F-220EBE82BEDC}.ExportDebug|Any CPU.ActiveCfg = Debug|Any CPU
		{7F7388E6-F798-4956-A19F-220EBE82BEDC}.ExportDebug|Any CPU.Build.0 = Debug|Any CPU
		{7F7388E6-F798-4956-A19F-220EBE82BEDC}.ExportRelease|Any CPU.ActiveCfg = Debug|Any CPU
		{7F7388E6-F798-4956-A19F-220EBE82BEDC}.ExportRelease|Any CPU.Build.0 = Debug|Any CPU
	EndGlobalSection
EndGlobal
